
Microsoft Visual Studio Solution File, Format Version 12.00
# Visual Studio Version 17
VisualStudioVersion = 17.14.36212.18 d17.14
MinimumVisualStudioVersion = 10.0.40219.1
Project("{FAE04EC0-301F-11D3-BF4B-00C04F79EFBC}") = "WtfordOmnifyBackend", "WtfordOmnifyBackend\WtfordOmnifyBackend.csproj", "{6E8AF65B-4112-4DFA-B275-CC5DDF803FED}"
EndProject
Global
	GlobalSection(SolutionConfigurationPlatforms) = preSolution
		Debug|Any CPU = Debug|Any CPU
		Release|Any CPU = Release|Any CPU
	EndGlobalSection
	GlobalSection(ProjectConfigurationPlatforms) = postSolution
		{6E8AF65B-4112-4DFA-B275-CC5DDF803FED}.Debug|Any CPU.ActiveCfg = Debug|Any CPU
		{6E8AF65B-4112-4DFA-B275-CC5DDF803FED}.Debug|Any CPU.Build.0 = Debug|Any CPU
		{6E8AF65B-4112-4DFA-B275-CC5DDF803FED}.Release|Any CPU.ActiveCfg = Release|Any CPU
		{6E8AF65B-4112-4DFA-B275-CC5DDF803FED}.Release|Any CPU.Build.0 = Release|Any CPU
	EndGlobalSection
	GlobalSection(SolutionProperties) = preSolution
		HideSolutionNode = FALSE
	EndGlobalSection
	GlobalSection(ExtensibilityGlobals) = postSolution
		SolutionGuid = {40F40C67-105E-4F5E-9733-84D0611E0568}
	EndGlobalSection
EndGlobal
